
Microsoft Visual Studio Solution File, Format Version 12.00
# Visual Studio Version 17
VisualStudioVersion = 17.2.32526.322
MinimumVisualStudioVersion = 10.0.40219.1
Project("{FAE04EC0-301F-11D3-BF4B-00C04F79EFBC}") = "isrpo1", "isrpo1.csproj", "{D678013D-7F00-4FED-B025-B214732C8DAA}"
EndProject
Global
	GlobalSection(SolutionConfigurationPlatforms) = preSolution
		Debug|Any CPU = Debug|Any CPU
		Release|Any CPU = Release|Any CPU
	EndGlobalSection
	GlobalSection(ProjectConfigurationPlatforms) = postSolution
		{D678013D-7F00-4FED-B025-B214732C8DAA}.Debug|Any CPU.ActiveCfg = Debug|Any CPU
		{D678013D-7F00-4FED-B025-B214732C8DAA}.Debug|Any CPU.Build.0 = Debug|Any CPU
		{D678013D-7F00-4FED-B025-B214732C8DAA}.Release|Any CPU.ActiveCfg = Release|Any CPU
		{D678013D-7F00-4FED-B025-B214732C8DAA}.Release|Any CPU.Build.0 = Release|Any CPU
	EndGlobalSection
	GlobalSection(SolutionProperties) = preSolution
		HideSolutionNode = FALSE
	EndGlobalSection
	GlobalSection(ExtensibilityGlobals) = postSolution
		SolutionGuid = {A3618E4D-F420-4FC0-AF9B-C7530927C052}
	EndGlobalSection
EndGlobal
